
Microsoft Visual Studio Solution File, Format Version 12.00
# Visual Studio 15
Project("{FAE04EC0-301F-11D3-BF4B-00C04F79EFBC}") = "Assembly-CSharp", "Assembly-CSharp.csproj", "{D93F098A-A1A1-54EE-6FB4-531FAB7406A3}"
EndProject
Project("{FAE04EC0-301F-11D3-BF4B-00C04F79EFBC}") = "Assembly-CSharp-Editor", "Assembly-CSharp-Editor.csproj", "{D47EB304-FE51-D9D2-7A20-F3A1D0E1BC08}"
EndProject
Global
	GlobalSection(SolutionConfigurationPlatforms) = preSolution
		Debug|Any CPU = Debug|Any CPU
		Release|Any CPU = Release|Any CPU
	EndGlobalSection
	GlobalSection(ProjectConfigurationPlatforms) = postSolution
		{D93F098A-A1A1-54EE-6FB4-531FAB7406A3}.Debug|Any CPU.ActiveCfg = Debug|Any CPU
		{D93F098A-A1A1-54EE-6FB4-531FAB7406A3}.Debug|Any CPU.Build.0 = Debug|Any CPU
		{D93F098A-A1A1-54EE-6FB4-531FAB7406A3}.Release|Any CPU.ActiveCfg = Release|Any CPU
		{D93F098A-A1A1-54EE-6FB4-531FAB7406A3}.Release|Any CPU.Build.0 = Release|Any CPU
		{D47EB304-FE51-D9D2-7A20-F3A1D0E1BC08}.Debug|Any CPU.ActiveCfg = Debug|Any CPU
		{D47EB304-FE51-D9D2-7A20-F3A1D0E1BC08}.Debug|Any CPU.Build.0 = Debug|Any CPU
		{D47EB304-FE51-D9D2-7A20-F3A1D0E1BC08}.Release|Any CPU.ActiveCfg = Release|Any CPU
		{D47EB304-FE51-D9D2-7A20-F3A1D0E1BC08}.Release|Any CPU.Build.0 = Release|Any CPU
	EndGlobalSection
	GlobalSection(SolutionProperties) = preSolution
		HideSolutionNode = FALSE
	EndGlobalSection
EndGlobal
